
Microsoft Visual Studio Solution File, Format Version 12.00
# Visual Studio Version 17
VisualStudioVersion = 17.3.32929.385
MinimumVisualStudioVersion = 10.0.40219.1
Project("{8BC9CEB8-8B4A-11D0-8D11-00A0C91BC942}") = "GenerateZobristHashKeys", "GenerateZobristHashKeys.vcxproj", "{0A00F173-A386-4019-9817-FE8381BFE74F}"
EndProject
Global
	GlobalSection(SolutionConfigurationPlatforms) = preSolution
		Debug|x64 = Debug|x64
		Debug|x86 = Debug|x86
		Release|x64 = Release|x64
		Release|x86 = Release|x86
	EndGlobalSection
	GlobalSection(ProjectConfigurationPlatforms) = postSolution
		{0A00F173-A386-4019-9817-FE8381BFE74F}.Debug|x64.ActiveCfg = Debug|x64
		{0A00F173-A386-4019-9817-FE8381BFE74F}.Debug|x64.Build.0 = Debug|x64
		{0A00F173-A386-4019-9817-FE8381BFE74F}.Debug|x86.ActiveCfg = Debug|Win32
		{0A00F173-A386-4019-9817-FE8381BFE74F}.Debug|x86.Build.0 = Debug|Win32
		{0A00F173-A386-4019-9817-FE8381BFE74F}.Release|x64.ActiveCfg = Release|x64
		{0A00F173-A386-4019-9817-FE8381BFE74F}.Release|x64.Build.0 = Release|x64
		{0A00F173-A386-4019-9817-FE8381BFE74F}.Release|x86.ActiveCfg = Release|Win32
		{0A00F173-A386-4019-9817-FE8381BFE74F}.Release|x86.Build.0 = Release|Win32
	EndGlobalSection
	GlobalSection(SolutionProperties) = preSolution
		HideSolutionNode = FALSE
	EndGlobalSection
	GlobalSection(ExtensibilityGlobals) = postSolution
		SolutionGuid = {D4707750-0ACB-4AA3-9E84-EC199615A102}
	EndGlobalSection
EndGlobal
